
Microsoft Visual Studio Solution File, Format Version 12.00
# Visual Studio 2012
Project("{FAE04EC0-301F-11D3-BF4B-00C04F79EFBC}") = "PickerSample", "PickerSample\PickerSample.csproj", "{83024949-BD17-4D89-83D7-50BADE399E58}"
EndProject
Project("{FAE04EC0-301F-11D3-BF4B-00C04F79EFBC}") = "PickerSample.iOS", "PickerSample.iOS\PickerSample.iOS.csproj", "{19559CD2-49ED-42B4-87AC-F78B53DCC984}"
EndProject
Project("{FAE04EC0-301F-11D3-BF4B-00C04F79EFBC}") = "PickerSample.Droid", "PickerSample.Droid\PickerSample.Droid.csproj", "{83C7B96C-1E56-4015-BBCE-16A808B81CB4}"
EndProject
Global
	GlobalSection(SolutionConfigurationPlatforms) = preSolution
		Debug|Any CPU = Debug|Any CPU
		Release|Any CPU = Release|Any CPU
		Debug|iPhoneSimulator = Debug|iPhoneSimulator
		Release|iPhone = Release|iPhone
		Release|iPhoneSimulator = Release|iPhoneSimulator
		Debug|iPhone = Debug|iPhone
	EndGlobalSection
	GlobalSection(ProjectConfigurationPlatforms) = postSolution
		{83024949-BD17-4D89-83D7-50BADE399E58}.Debug|Any CPU.ActiveCfg = Debug|Any CPU
		{83024949-BD17-4D89-83D7-50BADE399E58}.Debug|Any CPU.Build.0 = Debug|Any CPU
		{83024949-BD17-4D89-83D7-50BADE399E58}.Release|Any CPU.ActiveCfg = Release|Any CPU
		{83024949-BD17-4D89-83D7-50BADE399E58}.Release|Any CPU.Build.0 = Release|Any CPU
		{83024949-BD17-4D89-83D7-50BADE399E58}.Debug|iPhoneSimulator.ActiveCfg = Debug|Any CPU
		{83024949-BD17-4D89-83D7-50BADE399E58}.Debug|iPhoneSimulator.Build.0 = Debug|Any CPU
		{83024949-BD17-4D89-83D7-50BADE399E58}.Release|iPhone.ActiveCfg = Release|Any CPU
		{83024949-BD17-4D89-83D7-50BADE399E58}.Release|iPhone.Build.0 = Release|Any CPU
		{83024949-BD17-4D89-83D7-50BADE399E58}.Release|iPhoneSimulator.ActiveCfg = Release|Any CPU
		{83024949-BD17-4D89-83D7-50BADE399E58}.Release|iPhoneSimulator.Build.0 = Release|Any CPU
		{83024949-BD17-4D89-83D7-50BADE399E58}.Debug|iPhone.ActiveCfg = Debug|Any CPU
		{83024949-BD17-4D89-83D7-50BADE399E58}.Debug|iPhone.Build.0 = Debug|Any CPU
		{19559CD2-49ED-42B4-87AC-F78B53DCC984}.Debug|Any CPU.ActiveCfg = Debug|iPhoneSimulator
		{19559CD2-49ED-42B4-87AC-F78B53DCC984}.Debug|Any CPU.Build.0 = Debug|iPhoneSimulator
		{19559CD2-49ED-42B4-87AC-F78B53DCC984}.Release|Any CPU.ActiveCfg = Release|iPhone
		{19559CD2-49ED-42B4-87AC-F78B53DCC984}.Release|Any CPU.Build.0 = Release|iPhone
		{19559CD2-49ED-42B4-87AC-F78B53DCC984}.Debug|iPhoneSimulator.ActiveCfg = Debug|iPhoneSimulator
		{19559CD2-49ED-42B4-87AC-F78B53DCC984}.Debug|iPhoneSimulator.Build.0 = Debug|iPhoneSimulator
		{19559CD2-49ED-42B4-87AC-F78B53DCC984}.Release|iPhone.ActiveCfg = Release|iPhone
		{19559CD2-49ED-42B4-87AC-F78B53DCC984}.Release|iPhone.Build.0 = Release|iPhone
		{19559CD2-49ED-42B4-87AC-F78B53DCC984}.Release|iPhoneSimulator.ActiveCfg = Release|iPhoneSimulator
		{19559CD2-49ED-42B4-87AC-F78B53DCC984}.Release|iPhoneSimulator.Build.0 = Release|iPhoneSimulator
		{19559CD2-49ED-42B4-87AC-F78B53DCC984}.Debug|iPhone.ActiveCfg = Debug|iPhone
		{19559CD2-49ED-42B4-87AC-F78B53DCC984}.Debug|iPhone.Build.0 = Debug|iPhone
		{83C7B96C-1E56-4015-BBCE-16A808B81CB4}.Debug|Any CPU.ActiveCfg = Debug|Any CPU
		{83C7B96C-1E56-4015-BBCE-16A808B81CB4}.Debug|Any CPU.Build.0 = Debug|Any CPU
		{83C7B96C-1E56-4015-BBCE-16A808B81CB4}.Release|Any CPU.ActiveCfg = Release|Any CPU
		{83C7B96C-1E56-4015-BBCE-16A808B81CB4}.Release|Any CPU.Build.0 = Release|Any CPU
		{83C7B96C-1E56-4015-BBCE-16A808B81CB4}.Debug|iPhoneSimulator.ActiveCfg = Debug|Any CPU
		{83C7B96C-1E56-4015-BBCE-16A808B81CB4}.Debug|iPhoneSimulator.Build.0 = Debug|Any CPU
		{83C7B96C-1E56-4015-BBCE-16A808B81CB4}.Release|iPhone.ActiveCfg = Release|Any CPU
		{83C7B96C-1E56-4015-BBCE-16A808B81CB4}.Release|iPhone.Build.0 = Release|Any CPU
		{83C7B96C-1E56-4015-BBCE-16A808B81CB4}.Release|iPhoneSimulator.ActiveCfg = Release|Any CPU
		{83C7B96C-1E56-4015-BBCE-16A808B81CB4}.Release|iPhoneSimulator.Build.0 = Release|Any CPU
		{83C7B96C-1E56-4015-BBCE-16A808B81CB4}.Debug|iPhone.ActiveCfg = Debug|Any CPU
		{83C7B96C-1E56-4015-BBCE-16A808B81CB4}.Debug|iPhone.Build.0 = Debug|Any CPU
	EndGlobalSection
EndGlobal
